
Microsoft Visual Studio Solution File, Format Version 12.00
# Visual Studio 14
VisualStudioVersion = 14.0.25420.1
MinimumVisualStudioVersion = 10.0.40219.1
Project("{FAE04EC0-301F-11D3-BF4B-00C04F79EFBC}") = "HospitalApplication.Entities", "HospitalApplication.Entities\HospitalApplication.Entities.csproj", "{5661DE39-FA06-4E09-8E0F-C6BED979E5CB}"
EndProject
Project("{FAE04EC0-301F-11D3-BF4B-00C04F79EFBC}") = "HospitalApplication.Web", "HospitalApplication.Web\HospitalApplication.Web.csproj", "{8C757CEC-8D76-45A6-9280-F36ABCB28121}"
EndProject
Global
	GlobalSection(SolutionConfigurationPlatforms) = preSolution
		Debug|Any CPU = Debug|Any CPU
		Release|Any CPU = Release|Any CPU
	EndGlobalSection
	GlobalSection(ProjectConfigurationPlatforms) = postSolution
		{5661DE39-FA06-4E09-8E0F-C6BED979E5CB}.Debug|Any CPU.ActiveCfg = Debug|Any CPU
		{5661DE39-FA06-4E09-8E0F-C6BED979E5CB}.Debug|Any CPU.Build.0 = Debug|Any CPU
		{5661DE39-FA06-4E09-8E0F-C6BED979E5CB}.Release|Any CPU.ActiveCfg = Release|Any CPU
		{5661DE39-FA06-4E09-8E0F-C6BED979E5CB}.Release|Any CPU.Build.0 = Release|Any CPU
		{8C757CEC-8D76-45A6-9280-F36ABCB28121}.Debug|Any CPU.ActiveCfg = Debug|Any CPU
		{8C757CEC-8D76-45A6-9280-F36ABCB28121}.Debug|Any CPU.Build.0 = Debug|Any CPU
		{8C757CEC-8D76-45A6-9280-F36ABCB28121}.Release|Any CPU.ActiveCfg = Release|Any CPU
		{8C757CEC-8D76-45A6-9280-F36ABCB28121}.Release|Any CPU.Build.0 = Release|Any CPU
	EndGlobalSection
	GlobalSection(SolutionProperties) = preSolution
		HideSolutionNode = FALSE
	EndGlobalSection
EndGlobal
